{
  "pins" : [
    {
      "identity" : "doppler-xattr",
      "kind" : "remoteSourceControl",
      "location" : "https://github.com/brushedtype/doppler-xattr",
      "state" : {
        "revision" : "43af8e6f39a571f4d0e7cbd826da08fe1b458b89",
        "version" : "0.2.0"
      }
    },
    {
      "identity" : "swift-xattr",
      "kind" : "remoteSourceControl",
      "location" : "https://github.com/brushedtype/swift-xattr",
      "state" : {
        "revision" : "aed9663012d2db89b87b011a7045ddff398322c6",
        "version" : "0.3.0"
      }
    }
  ],
  "version" : 2
}
